{
  "name": "bakedph",
  "version": "1.0.0",
  "lockfileVersion": 1,
  "requires": true,
  "dependencies": {
    "bootstrap": {
      "version": "4.5.2",
      "resolved": "https://registry.npmjs.org/bootstrap/-/bootstrap-4.5.2.tgz",
      "integrity": "sha512-vlGn0bcySYl/iV+BGA544JkkZP5LB3jsmkeKLFQakCOwCM3AOk7VkldBz4jrzSe+Z0Ezn99NVXa1o45cQY4R6A=="
    },
    "bootstrap-icons": {
      "version": "1.0.0",
      "resolved": "https://registry.npmjs.org/bootstrap-icons/-/bootstrap-icons-1.0.0.tgz",
      "integrity": "sha512-PaQm3VtSqbUnWuyqGmFJG5iF9UMieDuk8raPOmKOtKeyWyiVshgLoKa+9EWGolGU/nvyBLEBWhZoQqhu9ccNBg=="
    },
    "chosen-js": {
      "version": "1.8.7",
      "resolved": "https://registry.npmjs.org/chosen-js/-/chosen-js-1.8.7.tgz",
      "integrity": "sha512-eVdrZJ2U5ISdObkgsi0od5vIJdLwq1P1Xa/Vj/mgxkMZf14DlgobfB6nrlFi3kW4kkvKLsKk4NDqZj1MU1DCpw=="
    },
    "dropzone": {
      "version": "5.7.2",
      "resolved": "https://registry.npmjs.org/dropzone/-/dropzone-5.7.2.tgz",
      "integrity": "sha512-m217bJHtf0J1IiKn4Tv6mnu1h5QvQNBnKZ39gma7hzGQhIZMxYq1vYEHs4AVd4ThFwmALys+52NAOD4zdLTG4w=="
    },
    "highcharts": {
      "version": "8.2.2",
      "resolved": "https://registry.npmjs.org/highcharts/-/highcharts-8.2.2.tgz",
      "integrity": "sha512-F63TXO7RxsvTcpO/KOubQZWualYpCMyCTuKtoWbt7KCsfQ3Kl7Fr6HEyyJdjkYl+XlnmnKlSRi9d3HjLK9Q0wg=="
    },
    "jquery": {
      "version": "3.5.1",
      "resolved": "https://registry.npmjs.org/jquery/-/jquery-3.5.1.tgz",
      "integrity": "sha512-XwIBPqcMn57FxfT+Go5pzySnm4KWkT1Tv7gjrpT1srtf8Weynl6R273VJ5GjkRb51IzMp5nbaPjJXMWeju2MKg=="
    },
    "jquery-ui": {
      "version": "1.12.1",
      "resolved": "https://registry.npmjs.org/jquery-ui/-/jquery-ui-1.12.1.tgz",
      "integrity": "sha1-vLQEXI3QU5wTS8FIjN0+dop6nlE="
    }
  }
}
